
Microsoft Visual Studio Solution File, Format Version 12.00
# Visual Studio Version 16
VisualStudioVersion = 16.0.31205.134
MinimumVisualStudioVersion = 10.0.40219.1
Project("{FAE04EC0-301F-11D3-BF4B-00C04F79EFBC}") = "SpeseSeleneVerifica", "SpeseSeleneVerifica\SpeseSeleneVerifica.csproj", "{B2192BB9-BB39-44F7-AC71-08B65DE05E44}"
EndProject
Project("{9A19103F-16F7-4668-BE54-9A1E7A4F7556}") = "Forme2", "..\Forme\Forme Geometrice2\Forme2.csproj", "{D316FA1C-7FC9-4873-BCB4-9AF2A47B4232}"
EndProject
Global
	GlobalSection(SolutionConfigurationPlatforms) = preSolution
		Debug|Any CPU = Debug|Any CPU
		Release|Any CPU = Release|Any CPU
	EndGlobalSection
	GlobalSection(ProjectConfigurationPlatforms) = postSolution
		{B2192BB9-BB39-44F7-AC71-08B65DE05E44}.Debug|Any CPU.ActiveCfg = Debug|Any CPU
		{B2192BB9-BB39-44F7-AC71-08B65DE05E44}.Debug|Any CPU.Build.0 = Debug|Any CPU
		{B2192BB9-BB39-44F7-AC71-08B65DE05E44}.Release|Any CPU.ActiveCfg = Release|Any CPU
		{B2192BB9-BB39-44F7-AC71-08B65DE05E44}.Release|Any CPU.Build.0 = Release|Any CPU
		{D316FA1C-7FC9-4873-BCB4-9AF2A47B4232}.Debug|Any CPU.ActiveCfg = Debug|Any CPU
		{D316FA1C-7FC9-4873-BCB4-9AF2A47B4232}.Debug|Any CPU.Build.0 = Debug|Any CPU
		{D316FA1C-7FC9-4873-BCB4-9AF2A47B4232}.Release|Any CPU.ActiveCfg = Release|Any CPU
		{D316FA1C-7FC9-4873-BCB4-9AF2A47B4232}.Release|Any CPU.Build.0 = Release|Any CPU
	EndGlobalSection
	GlobalSection(SolutionProperties) = preSolution
		HideSolutionNode = FALSE
	EndGlobalSection
	GlobalSection(ExtensibilityGlobals) = postSolution
		SolutionGuid = {51D6C084-8F65-45DC-90C3-9B0019C5A9D9}
	EndGlobalSection
EndGlobal
